
Microsoft Visual Studio Solution File, Format Version 12.00
Project("{FAE04EC0-301F-11D3-BF4B-00C04F79EFBC}") = "Decorator_9", "Decorator_9\Decorator_9.csproj", "{A3B1DEE2-6EBE-4297-9BD2-E78005C874BF}"
EndProject
Project("{FAE04EC0-301F-11D3-BF4B-00C04F79EFBC}") = "Flyweight_11", "Flyweight_11\Flyweight_11.csproj", "{8AECC144-4DA1-432B-8610-7F62355416B5}"
EndProject
Project("{FAE04EC0-301F-11D3-BF4B-00C04F79EFBC}") = "Proxy_12", "Proxy_12\Proxy_12.csproj", "{254A209E-A820-4C47-BFE2-3A2503A81C5F}"
EndProject
Project("{FAE04EC0-301F-11D3-BF4B-00C04F79EFBC}") = "ChainOfResponsibility_13", "ChainOfResponsibility_13\ChainOfResponsibility_13.csproj", "{4EB3E9DC-D68A-46A0-9684-2C9FB58C7E15}"
EndProject
Project("{FAE04EC0-301F-11D3-BF4B-00C04F79EFBC}") = "Command_14", "Command_14\Command_14.csproj", "{1EDD84B1-55E5-4DAC-8325-1DE9B8B78AC7}"
EndProject
Project("{FAE04EC0-301F-11D3-BF4B-00C04F79EFBC}") = "Interpreter_15", "Interpreter_15\Interpreter_15.csproj", "{BF034C6D-7352-46FA-B438-B32A306295E7}"
EndProject
Project("{FAE04EC0-301F-11D3-BF4B-00C04F79EFBC}") = "Iterator_16", "Iterator_16\Iterator_16.csproj", "{58DE2D64-C936-40AF-BCAE-36F65ADF0A2E}"
EndProject
Project("{FAE04EC0-301F-11D3-BF4B-00C04F79EFBC}") = "Mediator_17", "Mediator_17\Mediator_17.csproj", "{0F7BFC07-1054-435E-90CE-69D36016EFF3}"
EndProject
Project("{FAE04EC0-301F-11D3-BF4B-00C04F79EFBC}") = "Memento_18", "Memento_18\Memento_18.csproj", "{DCBAC01B-3AEB-4BC6-B25E-81A27969E905}"
EndProject
Project("{FAE04EC0-301F-11D3-BF4B-00C04F79EFBC}") = "Observer_19", "Observer_19\Observer_19.csproj", "{84DB6212-59D1-4931-BA6C-0EBAA41C9BDF}"
EndProject
Project("{FAE04EC0-301F-11D3-BF4B-00C04F79EFBC}") = "Strategy_21", "Strategy_21\Strategy_21.csproj", "{26F01692-AFBB-421F-B45F-281FE6E09B99}"
EndProject
Global
	GlobalSection(SolutionConfigurationPlatforms) = preSolution
		Debug|Any CPU = Debug|Any CPU
		Release|Any CPU = Release|Any CPU
	EndGlobalSection
	GlobalSection(ProjectConfigurationPlatforms) = postSolution
		{A3B1DEE2-6EBE-4297-9BD2-E78005C874BF}.Debug|Any CPU.ActiveCfg = Debug|Any CPU
		{A3B1DEE2-6EBE-4297-9BD2-E78005C874BF}.Debug|Any CPU.Build.0 = Debug|Any CPU
		{A3B1DEE2-6EBE-4297-9BD2-E78005C874BF}.Release|Any CPU.ActiveCfg = Release|Any CPU
		{A3B1DEE2-6EBE-4297-9BD2-E78005C874BF}.Release|Any CPU.Build.0 = Release|Any CPU
		{8AECC144-4DA1-432B-8610-7F62355416B5}.Debug|Any CPU.ActiveCfg = Debug|Any CPU
		{8AECC144-4DA1-432B-8610-7F62355416B5}.Debug|Any CPU.Build.0 = Debug|Any CPU
		{8AECC144-4DA1-432B-8610-7F62355416B5}.Release|Any CPU.ActiveCfg = Release|Any CPU
		{8AECC144-4DA1-432B-8610-7F62355416B5}.Release|Any CPU.Build.0 = Release|Any CPU
		{254A209E-A820-4C47-BFE2-3A2503A81C5F}.Debug|Any CPU.ActiveCfg = Debug|Any CPU
		{254A209E-A820-4C47-BFE2-3A2503A81C5F}.Debug|Any CPU.Build.0 = Debug|Any CPU
		{254A209E-A820-4C47-BFE2-3A2503A81C5F}.Release|Any CPU.ActiveCfg = Release|Any CPU
		{254A209E-A820-4C47-BFE2-3A2503A81C5F}.Release|Any CPU.Build.0 = Release|Any CPU
		{4EB3E9DC-D68A-46A0-9684-2C9FB58C7E15}.Debug|Any CPU.ActiveCfg = Debug|Any CPU
		{4EB3E9DC-D68A-46A0-9684-2C9FB58C7E15}.Debug|Any CPU.Build.0 = Debug|Any CPU
		{4EB3E9DC-D68A-46A0-9684-2C9FB58C7E15}.Release|Any CPU.ActiveCfg = Release|Any CPU
		{4EB3E9DC-D68A-46A0-9684-2C9FB58C7E15}.Release|Any CPU.Build.0 = Release|Any CPU
		{1EDD84B1-55E5-4DAC-8325-1DE9B8B78AC7}.Debug|Any CPU.ActiveCfg = Debug|Any CPU
		{1EDD84B1-55E5-4DAC-8325-1DE9B8B78AC7}.Debug|Any CPU.Build.0 = Debug|Any CPU
		{1EDD84B1-55E5-4DAC-8325-1DE9B8B78AC7}.Release|Any CPU.ActiveCfg = Release|Any CPU
		{1EDD84B1-55E5-4DAC-8325-1DE9B8B78AC7}.Release|Any CPU.Build.0 = Release|Any CPU
		{BF034C6D-7352-46FA-B438-B32A306295E7}.Debug|Any CPU.ActiveCfg = Debug|Any CPU
		{BF034C6D-7352-46FA-B438-B32A306295E7}.Debug|Any CPU.Build.0 = Debug|Any CPU
		{BF034C6D-7352-46FA-B438-B32A306295E7}.Release|Any CPU.ActiveCfg = Release|Any CPU
		{BF034C6D-7352-46FA-B438-B32A306295E7}.Release|Any CPU.Build.0 = Release|Any CPU
		{58DE2D64-C936-40AF-BCAE-36F65ADF0A2E}.Debug|Any CPU.ActiveCfg = Debug|Any CPU
		{58DE2D64-C936-40AF-BCAE-36F65ADF0A2E}.Debug|Any CPU.Build.0 = Debug|Any CPU
		{58DE2D64-C936-40AF-BCAE-36F65ADF0A2E}.Release|Any CPU.ActiveCfg = Release|Any CPU
		{58DE2D64-C936-40AF-BCAE-36F65ADF0A2E}.Release|Any CPU.Build.0 = Release|Any CPU
		{0F7BFC07-1054-435E-90CE-69D36016EFF3}.Debug|Any CPU.ActiveCfg = Debug|Any CPU
		{0F7BFC07-1054-435E-90CE-69D36016EFF3}.Debug|Any CPU.Build.0 = Debug|Any CPU
		{0F7BFC07-1054-435E-90CE-69D36016EFF3}.Release|Any CPU.ActiveCfg = Release|Any CPU
		{0F7BFC07-1054-435E-90CE-69D36016EFF3}.Release|Any CPU.Build.0 = Release|Any CPU
		{DCBAC01B-3AEB-4BC6-B25E-81A27969E905}.Debug|Any CPU.ActiveCfg = Debug|Any CPU
		{DCBAC01B-3AEB-4BC6-B25E-81A27969E905}.Debug|Any CPU.Build.0 = Debug|Any CPU
		{DCBAC01B-3AEB-4BC6-B25E-81A27969E905}.Release|Any CPU.ActiveCfg = Release|Any CPU
		{DCBAC01B-3AEB-4BC6-B25E-81A27969E905}.Release|Any CPU.Build.0 = Release|Any CPU
		{84DB6212-59D1-4931-BA6C-0EBAA41C9BDF}.Debug|Any CPU.ActiveCfg = Debug|Any CPU
		{84DB6212-59D1-4931-BA6C-0EBAA41C9BDF}.Debug|Any CPU.Build.0 = Debug|Any CPU
		{84DB6212-59D1-4931-BA6C-0EBAA41C9BDF}.Release|Any CPU.ActiveCfg = Release|Any CPU
		{84DB6212-59D1-4931-BA6C-0EBAA41C9BDF}.Release|Any CPU.Build.0 = Release|Any CPU
		{26F01692-AFBB-421F-B45F-281FE6E09B99}.Debug|Any CPU.ActiveCfg = Debug|Any CPU
		{26F01692-AFBB-421F-B45F-281FE6E09B99}.Debug|Any CPU.Build.0 = Debug|Any CPU
		{26F01692-AFBB-421F-B45F-281FE6E09B99}.Release|Any CPU.ActiveCfg = Release|Any CPU
		{26F01692-AFBB-421F-B45F-281FE6E09B99}.Release|Any CPU.Build.0 = Release|Any CPU
	EndGlobalSection
EndGlobal
